
Microsoft Visual Studio Solution File, Format Version 12.00
# Visual Studio Version 16
VisualStudioVersion = 16.0.30523.141
MinimumVisualStudioVersion = 10.0.40219.1
Project("{9A19103F-16F7-4668-BE54-9A1E7A4F7556}") = "ScheduleReport.Server", "ScheluleReport.Server\ScheduleReport.Server.csproj", "{9B6AC199-79F3-4E68-AF5D-6830A60B67B1}"
EndProject
Project("{FAE04EC0-301F-11D3-BF4B-00C04F79EFBC}") = "ScheduleReport.Client", "ScheduleReport.Client\ScheduleReport.Client.csproj", "{71AF492B-7ED0-479F-A929-C2FC02D27158}"
EndProject
Project("{9A19103F-16F7-4668-BE54-9A1E7A4F7556}") = "ScheduleReport.DB", "ScheduleReport.DB\ScheduleReport.DB.csproj", "{A5711B35-7070-4E0F-AFC6-1DEF88083479}"
EndProject
Global
	GlobalSection(SolutionConfigurationPlatforms) = preSolution
		Debug|Any CPU = Debug|Any CPU
		Release|Any CPU = Release|Any CPU
	EndGlobalSection
	GlobalSection(ProjectConfigurationPlatforms) = postSolution
		{9B6AC199-79F3-4E68-AF5D-6830A60B67B1}.Debug|Any CPU.ActiveCfg = Debug|Any CPU
		{9B6AC199-79F3-4E68-AF5D-6830A60B67B1}.Debug|Any CPU.Build.0 = Debug|Any CPU
		{9B6AC199-79F3-4E68-AF5D-6830A60B67B1}.Release|Any CPU.ActiveCfg = Release|Any CPU
		{9B6AC199-79F3-4E68-AF5D-6830A60B67B1}.Release|Any CPU.Build.0 = Release|Any CPU
		{71AF492B-7ED0-479F-A929-C2FC02D27158}.Debug|Any CPU.ActiveCfg = Debug|Any CPU
		{71AF492B-7ED0-479F-A929-C2FC02D27158}.Debug|Any CPU.Build.0 = Debug|Any CPU
		{71AF492B-7ED0-479F-A929-C2FC02D27158}.Release|Any CPU.ActiveCfg = Release|Any CPU
		{71AF492B-7ED0-479F-A929-C2FC02D27158}.Release|Any CPU.Build.0 = Release|Any CPU
		{A5711B35-7070-4E0F-AFC6-1DEF88083479}.Debug|Any CPU.ActiveCfg = Debug|Any CPU
		{A5711B35-7070-4E0F-AFC6-1DEF88083479}.Debug|Any CPU.Build.0 = Debug|Any CPU
		{A5711B35-7070-4E0F-AFC6-1DEF88083479}.Release|Any CPU.ActiveCfg = Release|Any CPU
		{A5711B35-7070-4E0F-AFC6-1DEF88083479}.Release|Any CPU.Build.0 = Release|Any CPU
	EndGlobalSection
	GlobalSection(SolutionProperties) = preSolution
		HideSolutionNode = FALSE
	EndGlobalSection
	GlobalSection(ExtensibilityGlobals) = postSolution
		SolutionGuid = {11B6F674-EF11-456E-9138-338DED2D218C}
	EndGlobalSection
EndGlobal
